
Microsoft Visual Studio Solution File, Format Version 12.00
# Visual Studio Version 16
VisualStudioVersion = 16.0.32002.261
MinimumVisualStudioVersion = 10.0.40219.1
Project("{FAE04EC0-301F-11D3-BF4B-00C04F79EFBC}") = "RabbitMQ.publisher", "RabbitMQ-helloWorld.publisher\RabbitMQ.publisher.csproj", "{C049A66C-7360-4389-A2E3-6A7F572D882F}"
EndProject
Project("{FAE04EC0-301F-11D3-BF4B-00C04F79EFBC}") = "RabbitMQ.subscriber", "RabbitMQ.subscriber\RabbitMQ.subscriber.csproj", "{7FC93479-AEAA-4AD4-ACD1-8A63F7B9E868}"
EndProject
Global
	GlobalSection(SolutionConfigurationPlatforms) = preSolution
		Debug|Any CPU = Debug|Any CPU
		Release|Any CPU = Release|Any CPU
	EndGlobalSection
	GlobalSection(ProjectConfigurationPlatforms) = postSolution
		{C049A66C-7360-4389-A2E3-6A7F572D882F}.Debug|Any CPU.ActiveCfg = Debug|Any CPU
		{C049A66C-7360-4389-A2E3-6A7F572D882F}.Debug|Any CPU.Build.0 = Debug|Any CPU
		{C049A66C-7360-4389-A2E3-6A7F572D882F}.Release|Any CPU.ActiveCfg = Release|Any CPU
		{C049A66C-7360-4389-A2E3-6A7F572D882F}.Release|Any CPU.Build.0 = Release|Any CPU
		{7FC93479-AEAA-4AD4-ACD1-8A63F7B9E868}.Debug|Any CPU.ActiveCfg = Debug|Any CPU
		{7FC93479-AEAA-4AD4-ACD1-8A63F7B9E868}.Debug|Any CPU.Build.0 = Debug|Any CPU
		{7FC93479-AEAA-4AD4-ACD1-8A63F7B9E868}.Release|Any CPU.ActiveCfg = Release|Any CPU
		{7FC93479-AEAA-4AD4-ACD1-8A63F7B9E868}.Release|Any CPU.Build.0 = Release|Any CPU
	EndGlobalSection
	GlobalSection(SolutionProperties) = preSolution
		HideSolutionNode = FALSE
	EndGlobalSection
	GlobalSection(ExtensibilityGlobals) = postSolution
		SolutionGuid = {CF8B2F8A-E63C-4C44-BA65-8F1C817FE1A4}
	EndGlobalSection
EndGlobal
